
Microsoft Visual Studio Solution File, Format Version 12.00
# Visual Studio Version 17
VisualStudioVersion = 17.8.34511.84
MinimumVisualStudioVersion = 10.0.40219.1
Project("{FAE04EC0-301F-11D3-BF4B-00C04F79EFBC}") = "ClassesHomeWork", "ClassesHomeWork\ClassesHomeWork.csproj", "{CFD4096B-0DC3-40CE-A7D0-D15CD78C2433}"
EndProject
Global
	GlobalSection(SolutionConfigurationPlatforms) = preSolution
		Debug|Any CPU = Debug|Any CPU
		Release|Any CPU = Release|Any CPU
	EndGlobalSection
	GlobalSection(ProjectConfigurationPlatforms) = postSolution
		{CFD4096B-0DC3-40CE-A7D0-D15CD78C2433}.Debug|Any CPU.ActiveCfg = Debug|Any CPU
		{CFD4096B-0DC3-40CE-A7D0-D15CD78C2433}.Debug|Any CPU.Build.0 = Debug|Any CPU
		{CFD4096B-0DC3-40CE-A7D0-D15CD78C2433}.Release|Any CPU.ActiveCfg = Release|Any CPU
		{CFD4096B-0DC3-40CE-A7D0-D15CD78C2433}.Release|Any CPU.Build.0 = Release|Any CPU
	EndGlobalSection
	GlobalSection(SolutionProperties) = preSolution
		HideSolutionNode = FALSE
	EndGlobalSection
	GlobalSection(ExtensibilityGlobals) = postSolution
		SolutionGuid = {6BFC4F45-39E2-426C-BEB0-9559870668DD}
	EndGlobalSection
EndGlobal
